// !$*UTF8*$!
{
	archiveVersion = 1;
	classes = {
	};
	objectVersion = 51;
	objects = {

/* Begin PBXBuildFile section */
		31701EEF24ED77F200A3BB76 /* AppDelegate.swift in Sources */ = {isa = PBXBuildFile; fileRef = 31701EEE24ED77F200A3BB76 /* AppDelegate.swift */; };
		31701EF824ED77F500A3BB76 /* Assets.xcassets in Resources */ = {isa = PBXBuildFile; fileRef = 31701EF724ED77F500A3BB76 /* Assets.xcassets */; };
		31701EFB24ED77F500A3BB76 /* LaunchScreen.storyboard in Resources */ = {isa = PBXBuildFile; fileRef = 31701EF924ED77F500A3BB76 /* LaunchScreen.storyboard */; };
		31701F0624ED863B00A3BB76 /* RCNavigationController.swift in Sources */ = {isa = PBXBuildFile; fileRef = 31701F0524ED863B00A3BB76 /* RCNavigationController.swift */; };
		31E188C224ED88EE00FC6C6C /* RCMainViewController.swift in Sources */ = {isa = PBXBuildFile; fileRef = 31E188C124ED88EE00FC6C6C /* RCMainViewController.swift */; };
		31E188C524ED910500FC6C6C /* RCPlayerView.swift in Sources */ = {isa = PBXBuildFile; fileRef = 31E188C424ED910500FC6C6C /* RCPlayerView.swift */; };
		31E188C724ED916500FC6C6C /* RCView.swift in Sources */ = {isa = PBXBuildFile; fileRef = 31E188C624ED916500FC6C6C /* RCView.swift */; };
		31E188C924ED917400FC6C6C /* RCViewController.swift in Sources */ = {isa = PBXBuildFile; fileRef = 31E188C824ED917400FC6C6C /* RCViewController.swift */; };
		31E188CC24ED91BD00FC6C6C /* RCColor.swift in Sources */ = {isa = PBXBuildFile; fileRef = 31E188CB24ED91BD00FC6C6C /* RCColor.swift */; };
		C8C9D678A0E387B44A70E56B /* Pods_RecordingCall.framework in Frameworks */ = {isa = PBXBuildFile; fileRef = 1A83728609E44BD799D2F214 /* Pods_RecordingCall.framework */; };
/* End PBXBuildFile section */

/* Begin PBXFileReference section */
		138210FA48DCCD94D909CF26 /* Pods-RecordingCall.debug.xcconfig */ = {isa = PBXFileReference; includeInIndex = 1; lastKnownFileType = text.xcconfig; name = "Pods-RecordingCall.debug.xcconfig"; path = "Target Support Files/Pods-RecordingCall/Pods-RecordingCall.debug.xcconfig"; sourceTree = "<group>"; };
		1A83728609E44BD799D2F214 /* Pods_RecordingCall.framework */ = {isa = PBXFileReference; explicitFileType = wrapper.framework; includeInIndex = 0; path = Pods_RecordingCall.framework; sourceTree = BUILT_PRODUCTS_DIR; };
		31701EEB24ED77F200A3BB76 /* RecordingCall.app */ = {isa = PBXFileReference; explicitFileType = wrapper.application; includeInIndex = 0; path = RecordingCall.app; sourceTree = BUILT_PRODUCTS_DIR; };
		31701EEE24ED77F200A3BB76 /* AppDelegate.swift */ = {isa = PBXFileReference; lastKnownFileType = sourcecode.swift; path = AppDelegate.swift; sourceTree = "<group>"; };
		31701EF724ED77F500A3BB76 /* Assets.xcassets */ = {isa = PBXFileReference; lastKnownFileType = folder.assetcatalog; path = Assets.xcassets; sourceTree = "<group>"; };
		31701EFA24ED77F500A3BB76 /* Base */ = {isa = PBXFileReference; lastKnownFileType = file.storyboard; name = Base; path = Base.lproj/LaunchScreen.storyboard; sourceTree = "<group>"; };
		31701EFC24ED77F500A3BB76 /* Info.plist */ = {isa = PBXFileReference; lastKnownFileType = text.plist.xml; path = Info.plist; sourceTree = "<group>"; };
		31701F0524ED863B00A3BB76 /* RCNavigationController.swift */ = {isa = PBXFileReference; lastKnownFileType = sourcecode.swift; path = RCNavigationController.swift; sourceTree = "<group>"; };
		31E188C124ED88EE00FC6C6C /* RCMainViewController.swift */ = {isa = PBXFileReference; lastKnownFileType = sourcecode.swift; path = RCMainViewController.swift; sourceTree = "<group>"; };
		31E188C424ED910500FC6C6C /* RCPlayerView.swift */ = {isa = PBXFileReference; lastKnownFileType = sourcecode.swift; path = RCPlayerView.swift; sourceTree = "<group>"; };
		31E188C624ED916500FC6C6C /* RCView.swift */ = {isa = PBXFileReference; lastKnownFileType = sourcecode.swift; path = RCView.swift; sourceTree = "<group>"; };
		31E188C824ED917400FC6C6C /* RCViewController.swift */ = {isa = PBXFileReference; lastKnownFileType = sourcecode.swift; path = RCViewController.swift; sourceTree = "<group>"; };
		31E188CB24ED91BD00FC6C6C /* RCColor.swift */ = {isa = PBXFileReference; lastKnownFileType = sourcecode.swift; path = RCColor.swift; sourceTree = "<group>"; };
		C68B4251D163D95074AF4AB1 /* Pods-RecordingCall.release.xcconfig */ = {isa = PBXFileReference; includeInIndex = 1; lastKnownFileType = text.xcconfig; name = "Pods-RecordingCall.release.xcconfig"; path = "Target Support Files/Pods-RecordingCall/Pods-RecordingCall.release.xcconfig"; sourceTree = "<group>"; };
/* End PBXFileReference section */

/* Begin PBXFrameworksBuildPhase section */
		31701EE824ED77F200A3BB76 /* Frameworks */ = {
			isa = PBXFrameworksBuildPhase;
			buildActionMask = 2147483647;
			files = (
				C8C9D678A0E387B44A70E56B /* Pods_RecordingCall.framework in Frameworks */,
			);
			runOnlyForDeploymentPostprocessing = 0;
		};
/* End PBXFrameworksBuildPhase section */

/* Begin PBXGroup section */
		215217A688C94D29809ABD4B /* Pods */ = {
			isa = PBXGroup;
			children = (
				138210FA48DCCD94D909CF26 /* Pods-RecordingCall.debug.xcconfig */,
				C68B4251D163D95074AF4AB1 /* Pods-RecordingCall.release.xcconfig */,
			);
			path = Pods;
			sourceTree = "<group>";
		};
		31701EE224ED77F100A3BB76 = {
			isa = PBXGroup;
			children = (
				31701EED24ED77F200A3BB76 /* RecordingCall */,
				31701EEC24ED77F200A3BB76 /* Products */,
				215217A688C94D29809ABD4B /* Pods */,
				73459CA8E8AA7522530125C7 /* Frameworks */,
			);
			sourceTree = "<group>";
		};
		31701EEC24ED77F200A3BB76 /* Products */ = {
			isa = PBXGroup;
			children = (
				31701EEB24ED77F200A3BB76 /* RecordingCall.app */,
			);
			name = Products;
			sourceTree = "<group>";
		};
		31701EED24ED77F200A3BB76 /* RecordingCall */ = {
			isa = PBXGroup;
			children = (
				31E188CA24ED91AF00FC6C6C /* Util */,
				31701F0424ED860D00A3BB76 /* Model */,
				31701F0324ED860700A3BB76 /* ViewModel */,
				31701F0224ED860000A3BB76 /* ViewController */,
				31E188C324ED90DD00FC6C6C /* View */,
				31701EEE24ED77F200A3BB76 /* AppDelegate.swift */,
				31701EF724ED77F500A3BB76 /* Assets.xcassets */,
				31701EF924ED77F500A3BB76 /* LaunchScreen.storyboard */,
				31701EFC24ED77F500A3BB76 /* Info.plist */,
			);
			path = RecordingCall;
			sourceTree = "<group>";
		};
		31701F0224ED860000A3BB76 /* ViewController */ = {
			isa = PBXGroup;
			children = (
				31E188C824ED917400FC6C6C /* RCViewController.swift */,
				31701F0524ED863B00A3BB76 /* RCNavigationController.swift */,
				31E188C124ED88EE00FC6C6C /* RCMainViewController.swift */,
			);
			path = ViewController;
			sourceTree = "<group>";
		};
		31701F0324ED860700A3BB76 /* ViewModel */ = {
			isa = PBXGroup;
			children = (
			);
			path = ViewModel;
			sourceTree = "<group>";
		};
		31701F0424ED860D00A3BB76 /* Model */ = {
			isa = PBXGroup;
			children = (
			);
			path = Model;
			sourceTree = "<group>";
		};
		31E188C324ED90DD00FC6C6C /* View */ = {
			isa = PBXGroup;
			children = (
				31E188C624ED916500FC6C6C /* RCView.swift */,
				31E188C424ED910500FC6C6C /* RCPlayerView.swift */,
			);
			path = View;
			sourceTree = "<group>";
		};
		31E188CA24ED91AF00FC6C6C /* Util */ = {
			isa = PBXGroup;
			children = (
				31E188CB24ED91BD00FC6C6C /* RCColor.swift */,
			);
			path = Util;
			sourceTree = "<group>";
		};
		73459CA8E8AA7522530125C7 /* Frameworks */ = {
			isa = PBXGroup;
			children = (
				1A83728609E44BD799D2F214 /* Pods_RecordingCall.framework */,
			);
			name = Frameworks;
			sourceTree = "<group>";
		};
/* End PBXGroup section */

/* Begin PBXNativeTarget section */
		31701EEA24ED77F200A3BB76 /* RecordingCall */ = {
			isa = PBXNativeTarget;
			buildConfigurationList = 31701EFF24ED77F500A3BB76 /* Build configuration list for PBXNativeTarget "RecordingCall" */;
			buildPhases = (
				853FB2BB2559ADF698096489 /* [CP] Check Pods Manifest.lock */,
				31701EE724ED77F200A3BB76 /* Sources */,
				31701EE824ED77F200A3BB76 /* Frameworks */,
				31701EE924ED77F200A3BB76 /* Resources */,
				3361776BA8A1921F5ED1193E /* [CP] Embed Pods Frameworks */,
			);
			buildRules = (
			);
			dependencies = (
			);
			name = RecordingCall;
			productName = RecordingCall;
			productReference = 31701EEB24ED77F200A3BB76 /* RecordingCall.app */;
			productType = "com.apple.product-type.application";
		};
/* End PBXNativeTarget section */

/* Begin PBXProject section */
		31701EE324ED77F200A3BB76 /* Project object */ = {
			isa = PBXProject;
			attributes = {
				LastSwiftUpdateCheck = 1160;
				LastUpgradeCheck = 1160;
				ORGANIZATIONNAME = didwndckd;
				TargetAttributes = {
					31701EEA24ED77F200A3BB76 = {
						CreatedOnToolsVersion = 11.6;
					};
				};
			};
			buildConfigurationList = 31701EE624ED77F200A3BB76 /* Build configuration list for PBXProject "RecordingCall" */;
			compatibilityVersion = "Xcode 9.3";
			developmentRegion = en;
			hasScannedForEncodings = 0;
			knownRegions = (
				en,
				Base,
			);
			mainGroup = 31701EE224ED77F100A3BB76;
			productRefGroup = 31701EEC24ED77F200A3BB76 /* Products */;
			projectDirPath = "";
			projectRoot = "";
			targets = (
				31701EEA24ED77F200A3BB76 /* RecordingCall */,
			);
		};
/* End PBXProject section */

/* Begin PBXResourcesBuildPhase section */
		31701EE924ED77F200A3BB76 /* Resources */ = {
			isa = PBXResourcesBuildPhase;
			buildActionMask = 2147483647;
			files = (
				31701EFB24ED77F500A3BB76 /* LaunchScreen.storyboard in Resources */,
				31701EF824ED77F500A3BB76 /* Assets.xcassets in Resources */,
			);
			runOnlyForDeploymentPostprocessing = 0;
		};
/* End PBXResourcesBuildPhase section */

/* Begin PBXShellScriptBuildPhase section */
		3361776BA8A1921F5ED1193E /* [CP] Embed Pods Frameworks */ = {
			isa = PBXShellScriptBuildPhase;
			buildActionMask = 2147483647;
			files = (
			);
			inputFileListPaths = (
				"${PODS_ROOT}/Target Support Files/Pods-RecordingCall/Pods-RecordingCall-frameworks-${CONFIGURATION}-input-files.xcfilelist",
			);
			name = "[CP] Embed Pods Frameworks";
			outputFileListPaths = (
				"${PODS_ROOT}/Target Support Files/Pods-RecordingCall/Pods-RecordingCall-frameworks-${CONFIGURATION}-output-files.xcfilelist",
			);
			runOnlyForDeploymentPostprocessing = 0;
			shellPath = /bin/sh;
			shellScript = "\"${PODS_ROOT}/Target Support Files/Pods-RecordingCall/Pods-RecordingCall-frameworks.sh\"\n";
			showEnvVarsInLog = 0;
		};
		853FB2BB2559ADF698096489 /* [CP] Check Pods Manifest.lock */ = {
			isa = PBXShellScriptBuildPhase;
			buildActionMask = 2147483647;
			files = (
			);
			inputFileListPaths = (
			);
			inputPaths = (
				"${PODS_PODFILE_DIR_PATH}/Podfile.lock",
				"${PODS_ROOT}/Manifest.lock",
			);
			name = "[CP] Check Pods Manifest.lock";
			outputFileListPaths = (
			);
			outputPaths = (
				"$(DERIVED_FILE_DIR)/Pods-RecordingCall-checkManifestLockResult.txt",
			);
			runOnlyForDeploymentPostprocessing = 0;
			shellPath = /bin/sh;
			shellScript = "diff \"${PODS_PODFILE_DIR_PATH}/Podfile.lock\" \"${PODS_ROOT}/Manifest.lock\" > /dev/null\nif [ $? != 0 ] ; then\n    # print error to STDERR\n    echo \"error: The sandbox is not in sync with the Podfile.lock. Run 'pod install' or update your CocoaPods installation.\" >&2\n    exit 1\nfi\n# This output is used by Xcode 'outputs' to avoid re-running this script phase.\necho \"SUCCESS\" > \"${SCRIPT_OUTPUT_FILE_0}\"\n";
			showEnvVarsInLog = 0;
		};
/* End PBXShellScriptBuildPhase section */

/* Begin PBXSourcesBuildPhase section */
		31701EE724ED77F200A3BB76 /* Sources */ = {
			isa = PBXSourcesBuildPhase;
			buildActionMask = 2147483647;
			files = (
				31701F0624ED863B00A3BB76 /* RCNavigationController.swift in Sources */,
				31E188C724ED916500FC6C6C /* RCView.swift in Sources */,
				31E188C224ED88EE00FC6C6C /* RCMainViewController.swift in Sources */,
				31E188C924ED917400FC6C6C /* RCViewController.swift in Sources */,
				31E188C524ED910500FC6C6C /* RCPlayerView.swift in Sources */,
				31E188CC24ED91BD00FC6C6C /* RCColor.swift in Sources */,
				31701EEF24ED77F200A3BB76 /* AppDelegate.swift in Sources */,
			);
			runOnlyForDeploymentPostprocessing = 0;
		};
/* End PBXSourcesBuildPhase section */

/* Begin PBXVariantGroup section */
		31701EF924ED77F500A3BB76 /* LaunchScreen.storyboard */ = {
			isa = PBXVariantGroup;
			children = (
				31701EFA24ED77F500A3BB76 /* Base */,
			);
			name = LaunchScreen.storyboard;
			sourceTree = "<group>";
		};
/* End PBXVariantGroup section */

/* Begin XCBuildConfiguration section */
		31701EFD24ED77F500A3BB76 /* Debug */ = {
			isa = XCBuildConfiguration;
			buildSettings = {
				ALWAYS_SEARCH_USER_PATHS = NO;
				CLANG_ANALYZER_NONNULL = YES;
				CLANG_ANALYZER_NUMBER_OBJECT_CONVERSION = YES_AGGRESSIVE;
				CLANG_CXX_LANGUAGE_STANDARD = "gnu++14";
				CLANG_CXX_LIBRARY = "libc++";
				CLANG_ENABLE_MODULES = YES;
				CLANG_ENABLE_OBJC_ARC = YES;
				CLANG_ENABLE_OBJC_WEAK = YES;
				CLANG_WARN_BLOCK_CAPTURE_AUTORELEASING = YES;
				CLANG_WARN_BOOL_CONVERSION = YES;
				CLANG_WARN_COMMA = YES;
				CLANG_WARN_CONSTANT_CONVERSION = YES;
				CLANG_WARN_DEPRECATED_OBJC_IMPLEMENTATIONS = YES;
				CLANG_WARN_DIRECT_OBJC_ISA_USAGE = YES_ERROR;
				CLANG_WARN_DOCUMENTATION_COMMENTS = YES;
				CLANG_WARN_EMPTY_BODY = YES;
				CLANG_WARN_ENUM_CONVERSION = YES;
				CLANG_WARN_INFINITE_RECURSION = YES;
				CLANG_WARN_INT_CONVERSION = YES;
				CLANG_WARN_NON_LITERAL_NULL_CONVERSION = YES;
				CLANG_WARN_OBJC_IMPLICIT_RETAIN_SELF = YES;
				CLANG_WARN_OBJC_LITERAL_CONVERSION = YES;
				CLANG_WARN_OBJC_ROOT_CLASS = YES_ERROR;
				CLANG_WARN_RANGE_LOOP_ANALYSIS = YES;
				CLANG_WARN_STRICT_PROTOTYPES = YES;
				CLANG_WARN_SUSPICIOUS_MOVE = YES;
				CLANG_WARN_UNGUARDED_AVAILABILITY = YES_AGGRESSIVE;
				CLANG_WARN_UNREACHABLE_CODE = YES;
				CLANG_WARN__DUPLICATE_METHOD_MATCH = YES;
				COPY_PHASE_STRIP = NO;
				DEBUG_INFORMATION_FORMAT = dwarf;
				ENABLE_STRICT_OBJC_MSGSEND = YES;
				ENABLE_TESTABILITY = YES;
				GCC_C_LANGUAGE_STANDARD = gnu11;
				GCC_DYNAMIC_NO_PIC = NO;
				GCC_NO_COMMON_BLOCKS = YES;
				GCC_OPTIMIZATION_LEVEL = 0;
				GCC_PREPROCESSOR_DEFINITIONS = (
					"DEBUG=1",
					"$(inherited)",
				);
				GCC_WARN_64_TO_32_BIT_CONVERSION = YES;
				GCC_WARN_ABOUT_RETURN_TYPE = YES_ERROR;
				GCC_WARN_UNDECLARED_SELECTOR = YES;
				GCC_WARN_UNINITIALIZED_AUTOS = YES_AGGRESSIVE;
				GCC_WARN_UNUSED_FUNCTION = YES;
				GCC_WARN_UNUSED_VARIABLE = YES;
				IPHONEOS_DEPLOYMENT_TARGET = 13.6;
				MTL_ENABLE_DEBUG_INFO = INCLUDE_SOURCE;
				MTL_FAST_MATH = YES;
				ONLY_ACTIVE_ARCH = YES;
				SDKROOT = iphoneos;
				SWIFT_ACTIVE_COMPILATION_CONDITIONS = DEBUG;
				SWIFT_OPTIMIZATION_LEVEL = "-Onone";
			};
			name = Debug;
		};
		31701EFE24ED77F500A3BB76 /* Release */ = {
			isa = XCBuildConfiguration;
			buildSettings = {
				ALWAYS_SEARCH_USER_PATHS = NO;
				CLANG_ANALYZER_NONNULL = YES;
				CLANG_ANALYZER_NUMBER_OBJECT_CONVERSION = YES_AGGRESSIVE;
				CLANG_CXX_LANGUAGE_STANDARD = "gnu++14";
				CLANG_CXX_LIBRARY = "libc++";
				CLANG_ENABLE_MODULES = YES;
				CLANG_ENABLE_OBJC_ARC = YES;
				CLANG_ENABLE_OBJC_WEAK = YES;
				CLANG_WARN_BLOCK_CAPTURE_AUTORELEASING = YES;
				CLANG_WARN_BOOL_CONVERSION = YES;
				CLANG_WARN_COMMA = YES;
				CLANG_WARN_CONSTANT_CONVERSION = YES;
				CLANG_WARN_DEPRECATED_OBJC_IMPLEMENTATIONS = YES;
				CLANG_WARN_DIRECT_OBJC_ISA_USAGE = YES_ERROR;
				CLANG_WARN_DOCUMENTATION_COMMENTS = YES;
				CLANG_WARN_EMPTY_BODY = YES;
				CLANG_WARN_ENUM_CONVERSION = YES;
				CLANG_WARN_INFINITE_RECURSION = YES;
				CLANG_WARN_INT_CONVERSION = YES;
				CLANG_WARN_NON_LITERAL_NULL_CONVERSION = YES;
				CLANG_WARN_OBJC_IMPLICIT_RETAIN_SELF = YES;
				CLANG_WARN_OBJC_LITERAL_CONVERSION = YES;
				CLANG_WARN_OBJC_ROOT_CLASS = YES_ERROR;
				CLANG_WARN_RANGE_LOOP_ANALYSIS = YES;
				CLANG_WARN_STRICT_PROTOTYPES = YES;
				CLANG_WARN_SUSPICIOUS_MOVE = YES;
				CLANG_WARN_UNGUARDED_AVAILABILITY = YES_AGGRESSIVE;
				CLANG_WARN_UNREACHABLE_CODE = YES;
				CLANG_WARN__DUPLICATE_METHOD_MATCH = YES;
				COPY_PHASE_STRIP = NO;
				DEBUG_INFORMATION_FORMAT = "dwarf-with-dsym";
				ENABLE_NS_ASSERTIONS = NO;
				ENABLE_STRICT_OBJC_MSGSEND = YES;
				GCC_C_LANGUAGE_STANDARD = gnu11;
				GCC_NO_COMMON_BLOCKS = YES;
				GCC_WARN_64_TO_32_BIT_CONVERSION = YES;
				GCC_WARN_ABOUT_RETURN_TYPE = YES_ERROR;
				GCC_WARN_UNDECLARED_SELECTOR = YES;
				GCC_WARN_UNINITIALIZED_AUTOS = YES_AGGRESSIVE;
				GCC_WARN_UNUSED_FUNCTION = YES;
				GCC_WARN_UNUSED_VARIABLE = YES;
				IPHONEOS_DEPLOYMENT_TARGET = 13.6;
				MTL_ENABLE_DEBUG_INFO = NO;
				MTL_FAST_MATH = YES;
				SDKROOT = iphoneos;
				SWIFT_COMPILATION_MODE = wholemodule;
				SWIFT_OPTIMIZATION_LEVEL = "-O";
				VALIDATE_PRODUCT = YES;
			};
			name = Release;
		};
		31701F0024ED77F500A3BB76 /* Debug */ = {
			isa = XCBuildConfiguration;
			baseConfigurationReference = 138210FA48DCCD94D909CF26 /* Pods-RecordingCall.debug.xcconfig */;
			buildSettings = {
				ASSETCATALOG_COMPILER_APPICON_NAME = AppIcon;
				CODE_SIGN_STYLE = Automatic;
				DEVELOPMENT_TEAM = 3S767N4AG9;
				INFOPLIST_FILE = RecordingCall/Info.plist;
				IPHONEOS_DEPLOYMENT_TARGET = 12.0;
				LD_RUNPATH_SEARCH_PATHS = (
					"$(inherited)",
					"@executable_path/Frameworks",
				);
				PRODUCT_BUNDLE_IDENTIFIER = com.didwndckd.RecordingCall;
				PRODUCT_NAME = "$(TARGET_NAME)";
				SWIFT_VERSION = 5.0;
				TARGETED_DEVICE_FAMILY = "1,2";
			};
			name = Debug;
		};
		31701F0124ED77F500A3BB76 /* Release */ = {
			isa = XCBuildConfiguration;
			baseConfigurationReference = C68B4251D163D95074AF4AB1 /* Pods-RecordingCall.release.xcconfig */;
			buildSettings = {
				ASSETCATALOG_COMPILER_APPICON_NAME = AppIcon;
				CODE_SIGN_STYLE = Automatic;
				DEVELOPMENT_TEAM = 3S767N4AG9;
				INFOPLIST_FILE = RecordingCall/Info.plist;
				IPHONEOS_DEPLOYMENT_TARGET = 12.0;
				LD_RUNPATH_SEARCH_PATHS = (
					"$(inherited)",
					"@executable_path/Frameworks",
				);
				PRODUCT_BUNDLE_IDENTIFIER = com.didwndckd.RecordingCall;
				PRODUCT_NAME = "$(TARGET_NAME)";
				SWIFT_VERSION = 5.0;
				TARGETED_DEVICE_FAMILY = "1,2";
			};
			name = Release;
		};
/* End XCBuildConfiguration section */

/* Begin XCConfigurationList section */
		31701EE624ED77F200A3BB76 /* Build configuration list for PBXProject "RecordingCall" */ = {
			isa = XCConfigurationList;
			buildConfigurations = (
				31701EFD24ED77F500A3BB76 /* Debug */,
				31701EFE24ED77F500A3BB76 /* Release */,
			);
			defaultConfigurationIsVisible = 0;
			defaultConfigurationName = Release;
		};
		31701EFF24ED77F500A3BB76 /* Build configuration list for PBXNativeTarget "RecordingCall" */ = {
			isa = XCConfigurationList;
			buildConfigurations = (
				31701F0024ED77F500A3BB76 /* Debug */,
				31701F0124ED77F500A3BB76 /* Release */,
			);
			defaultConfigurationIsVisible = 0;
			defaultConfigurationName = Release;
		};
/* End XCConfigurationList section */
	};
	rootObject = 31701EE324ED77F200A3BB76 /* Project object */;
}
